
Microsoft Visual Studio Solution File, Format Version 12.00
# Visual Studio Version 16
VisualStudioVersion = 16.0.32802.440
MinimumVisualStudioVersion = 10.0.40219.1
Project("{FAE04EC0-301F-11D3-BF4B-00C04F79EFBC}") = "Dominio", "Dominio\Dominio.csproj", "{72D2995C-36E3-42E8-A8DB-9D3F35B798C4}"
EndProject
Project("{FAE04EC0-301F-11D3-BF4B-00C04F79EFBC}") = "Negocio", "Negocio\Negocio.csproj", "{5E6B87E1-EEC4-42BE-A600-39069F5C8BC2}"
EndProject
Project("{FAE04EC0-301F-11D3-BF4B-00C04F79EFBC}") = "ArticulosWeb", "ArticulosWeb\ArticulosWeb.csproj", "{0F0E215F-F0B3-4DF6-BBC7-4499530BC679}"
	ProjectSection(ProjectDependencies) = postProject
		{72D2995C-36E3-42E8-A8DB-9D3F35B798C4} = {72D2995C-36E3-42E8-A8DB-9D3F35B798C4}
		{5E6B87E1-EEC4-42BE-A600-39069F5C8BC2} = {5E6B87E1-EEC4-42BE-A600-39069F5C8BC2}
	EndProjectSection
EndProject
Global
	GlobalSection(SolutionConfigurationPlatforms) = preSolution
		Debug|Any CPU = Debug|Any CPU
		Release|Any CPU = Release|Any CPU
	EndGlobalSection
	GlobalSection(ProjectConfigurationPlatforms) = postSolution
		{72D2995C-36E3-42E8-A8DB-9D3F35B798C4}.Debug|Any CPU.ActiveCfg = Debug|Any CPU
		{72D2995C-36E3-42E8-A8DB-9D3F35B798C4}.Debug|Any CPU.Build.0 = Debug|Any CPU
		{72D2995C-36E3-42E8-A8DB-9D3F35B798C4}.Release|Any CPU.ActiveCfg = Release|Any CPU
		{72D2995C-36E3-42E8-A8DB-9D3F35B798C4}.Release|Any CPU.Build.0 = Release|Any CPU
		{5E6B87E1-EEC4-42BE-A600-39069F5C8BC2}.Debug|Any CPU.ActiveCfg = Debug|Any CPU
		{5E6B87E1-EEC4-42BE-A600-39069F5C8BC2}.Debug|Any CPU.Build.0 = Debug|Any CPU
		{5E6B87E1-EEC4-42BE-A600-39069F5C8BC2}.Release|Any CPU.ActiveCfg = Release|Any CPU
		{5E6B87E1-EEC4-42BE-A600-39069F5C8BC2}.Release|Any CPU.Build.0 = Release|Any CPU
		{0F0E215F-F0B3-4DF6-BBC7-4499530BC679}.Debug|Any CPU.ActiveCfg = Debug|Any CPU
		{0F0E215F-F0B3-4DF6-BBC7-4499530BC679}.Debug|Any CPU.Build.0 = Debug|Any CPU
		{0F0E215F-F0B3-4DF6-BBC7-4499530BC679}.Release|Any CPU.ActiveCfg = Release|Any CPU
		{0F0E215F-F0B3-4DF6-BBC7-4499530BC679}.Release|Any CPU.Build.0 = Release|Any CPU
	EndGlobalSection
	GlobalSection(SolutionProperties) = preSolution
		HideSolutionNode = FALSE
	EndGlobalSection
	GlobalSection(ExtensibilityGlobals) = postSolution
		SolutionGuid = {5FBB065F-36DB-437D-B450-8ACEC6B2DD2E}
	EndGlobalSection
EndGlobal
